
Microsoft Visual Studio Solution File, Format Version 12.00
# Visual Studio 15
VisualStudioVersion = 15.0.28307.902
MinimumVisualStudioVersion = 10.0.40219.1
Project("{FAE04EC0-301F-11D3-BF4B-00C04F79EFBC}") = "PE.TimeSheets.Display", "PE.TimeSheets.Display.csproj", "{A0A56126-76DB-4EE9-AD9A-EC80D47B878E}"
EndProject
Global
	GlobalSection(SolutionConfigurationPlatforms) = preSolution
		Debug|Any CPU = Debug|Any CPU
		Release|Any CPU = Release|Any CPU
	EndGlobalSection
	GlobalSection(ProjectConfigurationPlatforms) = postSolution
		{A0A56126-76DB-4EE9-AD9A-EC80D47B878E}.Debug|Any CPU.ActiveCfg = Debug|Any CPU
		{A0A56126-76DB-4EE9-AD9A-EC80D47B878E}.Debug|Any CPU.Build.0 = Debug|Any CPU
		{A0A56126-76DB-4EE9-AD9A-EC80D47B878E}.Release|Any CPU.ActiveCfg = Release|Any CPU
		{A0A56126-76DB-4EE9-AD9A-EC80D47B878E}.Release|Any CPU.Build.0 = Release|Any CPU
	EndGlobalSection
	GlobalSection(SolutionProperties) = preSolution
		HideSolutionNode = FALSE
	EndGlobalSection
	GlobalSection(ExtensibilityGlobals) = postSolution
		SolutionGuid = {AB5D9C55-F4B1-4837-B18A-BAD5F3451A91}
	EndGlobalSection
EndGlobal
